
Microsoft Visual Studio Solution File, Format Version 12.00
# Visual Studio Version 16
VisualStudioVersion = 16.0.29709.97
MinimumVisualStudioVersion = 10.0.40219.1
Project("{FAE04EC0-301F-11D3-BF4B-00C04F79EFBC}") = "DesignPattern", "DesignPattern\DesignPattern.csproj", "{52FE3D94-A1A1-441D-A1EC-A1A0C1521C92}"
EndProject
Global
	GlobalSection(SolutionConfigurationPlatforms) = preSolution
		Debug|Any CPU = Debug|Any CPU
		Release|Any CPU = Release|Any CPU
	EndGlobalSection
	GlobalSection(ProjectConfigurationPlatforms) = postSolution
		{52FE3D94-A1A1-441D-A1EC-A1A0C1521C92}.Debug|Any CPU.ActiveCfg = Debug|Any CPU
		{52FE3D94-A1A1-441D-A1EC-A1A0C1521C92}.Debug|Any CPU.Build.0 = Debug|Any CPU
		{52FE3D94-A1A1-441D-A1EC-A1A0C1521C92}.Release|Any CPU.ActiveCfg = Release|Any CPU
		{52FE3D94-A1A1-441D-A1EC-A1A0C1521C92}.Release|Any CPU.Build.0 = Release|Any CPU
	EndGlobalSection
	GlobalSection(SolutionProperties) = preSolution
		HideSolutionNode = FALSE
	EndGlobalSection
	GlobalSection(ExtensibilityGlobals) = postSolution
		SolutionGuid = {38DDB726-5B50-49AC-A12A-2361D206070B}
	EndGlobalSection
EndGlobal
